{
  "name": "BookWise1.0",
  "lockfileVersion": 3,
  "requires": true,
  "packages": {
    "": {
      "dependencies": {
        "@vercel/analytics": "^1.1.2"
      }
    },
    "node_modules/@vercel/analytics": {
      "version": "1.1.2",
      "resolved": "https://registry.npmjs.org/@vercel/analytics/-/analytics-1.1.2.tgz",
      "integrity": "sha512-CodhkLCQ/EHzjX8k+Qg+OzTBY0UadykrcfolfSOJVZZY/ZJM5nbhztm9KdbYvMfqKlasAr1+OYy0ThZnDA/MYA==",
      "dependencies": {
        "server-only": "^0.0.1"
      }
    },
    "node_modules/server-only": {
      "version": "0.0.1",
      "license": "MIT"
    }
  }
}
